// !$*UTF8*$!
{
	archiveVersion = 1;
	classes = {
	};
	objectVersion = 77;
	objects = {

/* Begin PBXBuildFile section */
		BBBBBB0000000000000000A3 /* PrivacyBlinds in Frameworks */ = {isa = PBXBuildFile; productRef = BBBBBB0000000000000000A2 /* PrivacyBlinds */; };
/* End PBXBuildFile section */

/* Begin PBXContainerItemProxy section */
		5BBBD9E62FE8BC9200324A00 /* PBXContainerItemProxy */ = {
			isa = PBXContainerItemProxy;
			containerPortal = 5BBBD9D02FE8BC9000324A00 /* Project object */;
			proxyType = 1;
			remoteGlobalIDString = 5BBBD9D72FE8BC9000324A00;
			remoteInfo = "Privacy Blinds";
		};
		5BBBD9F02FE8BC9200324A00 /* PBXContainerItemProxy */ = {
			isa = PBXContainerItemProxy;
			containerPortal = 5BBBD9D02FE8BC9000324A00 /* Project object */;
			proxyType = 1;
			remoteGlobalIDString = 5BBBD9D72FE8BC9000324A00;
			remoteInfo = "Privacy Blinds";
		};
/* End PBXContainerItemProxy section */

/* Begin PBXFileReference section */
		5BBBD9D82FE8BC9000324A00 /* Privacy Blinds.app */ = {isa = PBXFileReference; explicitFileType = wrapper.application; includeInIndex = 0; path = "Privacy Blinds.app"; sourceTree = BUILT_PRODUCTS_DIR; };
		5BBBD9E52FE8BC9200324A00 /* Privacy BlindsTests.xctest */ = {isa = PBXFileReference; explicitFileType = wrapper.cfbundle; includeInIndex = 0; path = "Privacy BlindsTests.xctest"; sourceTree = BUILT_PRODUCTS_DIR; };
		5BBBD9EF2FE8BC9200324A00 /* Privacy BlindsUITests.xctest */ = {isa = PBXFileReference; explicitFileType = wrapper.cfbundle; includeInIndex = 0; path = "Privacy BlindsUITests.xctest"; sourceTree = BUILT_PRODUCTS_DIR; };
/* End PBXFileReference section */

/* Begin PBXFileSystemSynchronizedRootGroup section */
		5BBBD9DA2FE8BC9000324A00 /* Privacy Blinds */ = {
			isa = PBXFileSystemSynchronizedRootGroup;
			path = "Privacy Blinds";
			sourceTree = "<group>";
		};
/* End PBXFileSystemSynchronizedRootGroup section */

/* Begin PBXFrameworksBuildPhase section */
		5BBBD9D52FE8BC9000324A00 /* Frameworks */ = {
			isa = PBXFrameworksBuildPhase;
			buildActionMask = 2147483647;
			files = (
				BBBBBB0000000000000000A3 /* PrivacyBlinds in Frameworks */,
			);
			runOnlyForDeploymentPostprocessing = 0;
		};
		5BBBD9E22FE8BC9200324A00 /* Frameworks */ = {
			isa = PBXFrameworksBuildPhase;
			buildActionMask = 2147483647;
			files = (
			);
			runOnlyForDeploymentPostprocessing = 0;
		};
		5BBBD9EC2FE8BC9200324A00 /* Frameworks */ = {
			isa = PBXFrameworksBuildPhase;
			buildActionMask = 2147483647;
			files = (
			);
			runOnlyForDeploymentPostprocessing = 0;
		};
/* End PBXFrameworksBuildPhase section */

/* Begin PBXGroup section */
		5BBBD9CF2FE8BC9000324A00 = {
			isa = PBXGroup;
			children = (
				5BBBD9DA2FE8BC9000324A00 /* Privacy Blinds */,
				5BBBD9D92FE8BC9000324A00 /* Products */,
			);
			sourceTree = "<group>";
		};
		5BBBD9D92FE8BC9000324A00 /* Products */ = {
			isa = PBXGroup;
			children = (
				5BBBD9D82FE8BC9000324A00 /* Privacy Blinds.app */,
				5BBBD9E52FE8BC9200324A00 /* Privacy BlindsTests.xctest */,
				5BBBD9EF2FE8BC9200324A00 /* Privacy BlindsUITests.xctest */,
			);
			name = Products;
			sourceTree = "<group>";
		};
/* End PBXGroup section */

/* Begin PBXNativeTarget section */
		5BBBD9D72FE8BC9000324A00 /* Privacy Blinds */ = {
			isa = PBXNativeTarget;
			buildConfigurationList = 5BBBD9F92FE8BC9200324A00 /* Build configuration list for PBXNativeTarget "Privacy Blinds" */;
			buildPhases = (
				5BBBD9D42FE8BC9000324A00 /* Sources */,
				5BBBD9D52FE8BC9000324A00 /* Frameworks */,
				5BBBD9D62FE8BC9000324A00 /* Resources */,
			);
			buildRules = (
			);
			dependencies = (
			);
			fileSystemSynchronizedGroups = (
				5BBBD9DA2FE8BC9000324A00 /* Privacy Blinds */,
			);
			name = "Privacy Blinds";
			packageProductDependencies = (
				BBBBBB0000000000000000A2 /* PrivacyBlinds */,
			);
			productName = "Privacy Blinds";
			productReference = 5BBBD9D82FE8BC9000324A00 /* Privacy Blinds.app */;
			productType = "com.apple.product-type.application";
		};
		5BBBD9E42FE8BC9200324A00 /* Privacy BlindsTests */ = {
			isa = PBXNativeTarget;
			buildConfigurationList = 5BBBD9FC2FE8BC9200324A00 /* Build configuration list for PBXNativeTarget "Privacy BlindsTests" */;
			buildPhases = (
				5BBBD9E12FE8BC9200324A00 /* Sources */,
				5BBBD9E22FE8BC9200324A00 /* Frameworks */,
				5BBBD9E32FE8BC9200324A00 /* Resources */,
			);
			buildRules = (
			);
			dependencies = (
				5BBBD9E72FE8BC9200324A00 /* PBXTargetDependency */,
			);
			name = "Privacy BlindsTests";
			packageProductDependencies = (
			);
			productName = "Privacy BlindsTests";
			productReference = 5BBBD9E52FE8BC9200324A00 /* Privacy BlindsTests.xctest */;
			productType = "com.apple.product-type.bundle.unit-test";
		};
		5BBBD9EE2FE8BC9200324A00 /* Privacy BlindsUITests */ = {
			isa = PBXNativeTarget;
			buildConfigurationList = 5BBBD9FF2FE8BC9200324A00 /* Build configuration list for PBXNativeTarget "Privacy BlindsUITests" */;
			buildPhases = (
				5BBBD9EB2FE8BC9200324A00 /* Sources */,
				5BBBD9EC2FE8BC9200324A00 /* Frameworks */,
				5BBBD9ED2FE8BC9200324A00 /* Resources */,
			);
			buildRules = (
			);
			dependencies = (
				5BBBD9F12FE8BC9200324A00 /* PBXTargetDependency */,
			);
			name = "Privacy BlindsUITests";
			packageProductDependencies = (
			);
			productName = "Privacy BlindsUITests";
			productReference = 5BBBD9EF2FE8BC9200324A00 /* Privacy BlindsUITests.xctest */;
			productType = "com.apple.product-type.bundle.ui-testing";
		};
/* End PBXNativeTarget section */

/* Begin PBXProject section */
		5BBBD9D02FE8BC9000324A00 /* Project object */ = {
			isa = PBXProject;
			attributes = {
				BuildIndependentTargetsInParallel = 1;
				LastSwiftUpdateCheck = 2650;
				LastUpgradeCheck = 2650;
				TargetAttributes = {
					5BBBD9D72FE8BC9000324A00 = {
						CreatedOnToolsVersion = 26.5;
					};
					5BBBD9E42FE8BC9200324A00 = {
						CreatedOnToolsVersion = 26.5;
						TestTargetID = 5BBBD9D72FE8BC9000324A00;
					};
					5BBBD9EE2FE8BC9200324A00 = {
						CreatedOnToolsVersion = 26.5;
						TestTargetID = 5BBBD9D72FE8BC9000324A00;
					};
				};
			};
			buildConfigurationList = 5BBBD9D32FE8BC9000324A00 /* Build configuration list for PBXProject "Privacy Blinds" */;
			developmentRegion = en;
			hasScannedForEncodings = 0;
			knownRegions = (
				en,
				Base,
			);
			mainGroup = 5BBBD9CF2FE8BC9000324A00;
			minimizedProjectReferenceProxies = 1;
			packageReferences = (
				BBBBBB0000000000000000A1 /* XCLocalSwiftPackageReference "../.." */,
			);
			preferredProjectObjectVersion = 77;
			productRefGroup = 5BBBD9D92FE8BC9000324A00 /* Products */;
			projectDirPath = "";
			projectRoot = "";
			targets = (
				5BBBD9D72FE8BC9000324A00 /* Privacy Blinds */,
				5BBBD9E42FE8BC9200324A00 /* Privacy BlindsTests */,
				5BBBD9EE2FE8BC9200324A00 /* Privacy BlindsUITests */,
			);
		};
/* End PBXProject section */

/* Begin PBXResourcesBuildPhase section */
		5BBBD9D62FE8BC9000324A00 /* Resources */ = {
			isa = PBXResourcesBuildPhase;
			buildActionMask = 2147483647;
			files = (
			);
			runOnlyForDeploymentPostprocessing = 0;
		};
		5BBBD9E32FE8BC9200324A00 /* Resources */ = {
			isa = PBXResourcesBuildPhase;
			buildActionMask = 2147483647;
			files = (
			);
			runOnlyForDeploymentPostprocessing = 0;
		};
		5BBBD9ED2FE8BC9200324A00 /* Resources */ = {
			isa = PBXResourcesBuildPhase;
			buildActionMask = 2147483647;
			files = (
			);
			runOnlyForDeploymentPostprocessing = 0;
		};
/* End PBXResourcesBuildPhase section */

/* Begin PBXSourcesBuildPhase section */
		5BBBD9D42FE8BC9000324A00 /* Sources */ = {
			isa = PBXSourcesBuildPhase;
			buildActionMask = 2147483647;
			files = (
			);
			runOnlyForDeploymentPostprocessing = 0;
		};
		5BBBD9E12FE8BC9200324A00 /* Sources */ = {
			isa = PBXSourcesBuildPhase;
			buildActionMask = 2147483647;
			files = (
			);
			runOnlyForDeploymentPostprocessing = 0;
		};
		5BBBD9EB2FE8BC9200324A00 /* Sources */ = {
			isa = PBXSourcesBuildPhase;
			buildActionMask = 2147483647;
			files = (
			);
			runOnlyForDeploymentPostprocessing = 0;
		};
/* End PBXSourcesBuildPhase section */

/* Begin PBXTargetDependency section */
		5BBBD9E72FE8BC9200324A00 /* PBXTargetDependency */ = {
			isa = PBXTargetDependency;
			target = 5BBBD9D72FE8BC9000324A00 /* Privacy Blinds */;
			targetProxy = 5BBBD9E62FE8BC9200324A00 /* PBXContainerItemProxy */;
		};
		5BBBD9F12FE8BC9200324A00 /* PBXTargetDependency */ = {
			isa = PBXTargetDependency;
			target = 5BBBD9D72FE8BC9000324A00 /* Privacy Blinds */;
			targetProxy = 5BBBD9F02FE8BC9200324A00 /* PBXContainerItemProxy */;
		};
/* End PBXTargetDependency section */

/* Begin XCBuildConfiguration section */
		5BBBD9F72FE8BC9200324A00 /* Debug */ = {
			isa = XCBuildConfiguration;
			buildSettings = {
				ALWAYS_SEARCH_USER_PATHS = NO;
				ASSETCATALOG_COMPILER_GENERATE_SWIFT_ASSET_SYMBOL_EXTENSIONS = YES;
				CLANG_ANALYZER_NONNULL = YES;
				CLANG_ANALYZER_NUMBER_OBJECT_CONVERSION = YES_AGGRESSIVE;
				CLANG_CXX_LANGUAGE_STANDARD = "gnu++20";
				CLANG_ENABLE_MODULES = YES;
				CLANG_ENABLE_OBJC_ARC = YES;
				CLANG_ENABLE_OBJC_WEAK = YES;
				CLANG_WARN_BLOCK_CAPTURE_AUTORELEASING = YES;
				CLANG_WARN_BOOL_CONVERSION = YES;
				CLANG_WARN_COMMA = YES;
				CLANG_WARN_CONSTANT_CONVERSION = YES;
				CLANG_WARN_DEPRECATED_OBJC_IMPLEMENTATIONS = YES;
				CLANG_WARN_DIRECT_OBJC_ISA_USAGE = YES_ERROR;
				CLANG_WARN_DOCUMENTATION_COMMENTS = YES;
				CLANG_WARN_EMPTY_BODY = YES;
				CLANG_WARN_ENUM_CONVERSION = YES;
				CLANG_WARN_INFINITE_RECURSION = YES;
				CLANG_WARN_INT_CONVERSION = YES;
				CLANG_WARN_NON_LITERAL_NULL_CONVERSION = YES;
				CLANG_WARN_OBJC_IMPLICIT_RETAIN_SELF = YES;
				CLANG_WARN_OBJC_LITERAL_CONVERSION = YES;
				CLANG_WARN_OBJC_ROOT_CLASS = YES_ERROR;
				CLANG_WARN_QUOTED_INCLUDE_IN_FRAMEWORK_HEADER = YES;
				CLANG_WARN_RANGE_LOOP_ANALYSIS = YES;
				CLANG_WARN_STRICT_PROTOTYPES = YES;
				CLANG_WARN_SUSPICIOUS_MOVE = YES;
				CLANG_WARN_UNGUARDED_AVAILABILITY = YES_AGGRESSIVE;
				CLANG_WARN_UNREACHABLE_CODE = YES;
				CLANG_WARN__DUPLICATE_METHOD_MATCH = YES;
				COPY_PHASE_STRIP = NO;
				DEBUG_INFORMATION_FORMAT = dwarf;
				DEVELOPMENT_TEAM = "";
				ENABLE_STRICT_OBJC_MSGSEND = YES;
				ENABLE_TESTABILITY = YES;
				ENABLE_USER_SCRIPT_SANDBOXING = YES;
				GCC_C_LANGUAGE_STANDARD = gnu17;
				GCC_DYNAMIC_NO_PIC = NO;
				GCC_NO_COMMON_BLOCKS = YES;
				GCC_OPTIMIZATION_LEVEL = 0;
				GCC_PREPROCESSOR_DEFINITIONS = (
					"DEBUG=1",
					"$(inherited)",
				);
				GCC_WARN_64_TO_32_BIT_CONVERSION = YES;
				GCC_WARN_ABOUT_RETURN_TYPE = YES_ERROR;
				GCC_WARN_UNDECLARED_SELECTOR = YES;
				GCC_WARN_UNINITIALIZED_AUTOS = YES_AGGRESSIVE;
				GCC_WARN_UNUSED_FUNCTION = YES;
				GCC_WARN_UNUSED_VARIABLE = YES;
				IPHONEOS_DEPLOYMENT_TARGET = 26.5;
				LOCALIZATION_PREFERS_STRING_CATALOGS = YES;
				MTL_ENABLE_DEBUG_INFO = INCLUDE_SOURCE;
				MTL_FAST_MATH = YES;
				ONLY_ACTIVE_ARCH = YES;
				SDKROOT = iphoneos;
				SWIFT_ACTIVE_COMPILATION_CONDITIONS = "DEBUG $(inherited)";
				SWIFT_OPTIMIZATION_LEVEL = "-Onone";
			};
			name = Debug;
		};
		5BBBD9F82FE8BC9200324A00 /* Release */ = {
			isa = XCBuildConfiguration;
			buildSettings = {
				ALWAYS_SEARCH_USER_PATHS = NO;
				ASSETCATALOG_COMPILER_GENERATE_SWIFT_ASSET_SYMBOL_EXTENSIONS = YES;
				CLANG_ANALYZER_NONNULL = YES;
				CLANG_ANALYZER_NUMBER_OBJECT_CONVERSION = YES_AGGRESSIVE;
				CLANG_CXX_LANGUAGE_STANDARD = "gnu++20";
				CLANG_ENABLE_MODULES = YES;
				CLANG_ENABLE_OBJC_ARC = YES;
				CLANG_ENABLE_OBJC_WEAK = YES;
				CLANG_WARN_BLOCK_CAPTURE_AUTORELEASING = YES;
				CLANG_WARN_BOOL_CONVERSION = YES;
				CLANG_WARN_COMMA = YES;
				CLANG_WARN_CONSTANT_CONVERSION = YES;
				CLANG_WARN_DEPRECATED_OBJC_IMPLEMENTATIONS = YES;
				CLANG_WARN_DIRECT_OBJC_ISA_USAGE = YES_ERROR;
				CLANG_WARN_DOCUMENTATION_COMMENTS = YES;
				CLANG_WARN_EMPTY_BODY = YES;
				CLANG_WARN_ENUM_CONVERSION = YES;
				CLANG_WARN_INFINITE_RECURSION = YES;
				CLANG_WARN_INT_CONVERSION = YES;
				CLANG_WARN_NON_LITERAL_NULL_CONVERSION = YES;
				CLANG_WARN_OBJC_IMPLICIT_RETAIN_SELF = YES;
				CLANG_WARN_OBJC_LITERAL_CONVERSION = YES;
				CLANG_WARN_OBJC_ROOT_CLASS = YES_ERROR;
				CLANG_WARN_QUOTED_INCLUDE_IN_FRAMEWORK_HEADER = YES;
				CLANG_WARN_RANGE_LOOP_ANALYSIS = YES;
				CLANG_WARN_STRICT_PROTOTYPES = YES;
				CLANG_WARN_SUSPICIOUS_MOVE = YES;
				CLANG_WARN_UNGUARDED_AVAILABILITY = YES_AGGRESSIVE;
				CLANG_WARN_UNREACHABLE_CODE = YES;
				CLANG_WARN__DUPLICATE_METHOD_MATCH = YES;
				COPY_PHASE_STRIP = NO;
				DEBUG_INFORMATION_FORMAT = "dwarf-with-dsym";
				DEVELOPMENT_TEAM = "";
				ENABLE_NS_ASSERTIONS = NO;
				ENABLE_STRICT_OBJC_MSGSEND = YES;
				ENABLE_USER_SCRIPT_SANDBOXING = YES;
				GCC_C_LANGUAGE_STANDARD = gnu17;
				GCC_NO_COMMON_BLOCKS = YES;
				GCC_WARN_64_TO_32_BIT_CONVERSION = YES;
				GCC_WARN_ABOUT_RETURN_TYPE = YES_ERROR;
				GCC_WARN_UNDECLARED_SELECTOR = YES;
				GCC_WARN_UNINITIALIZED_AUTOS = YES_AGGRESSIVE;
				GCC_WARN_UNUSED_FUNCTION = YES;
				GCC_WARN_UNUSED_VARIABLE = YES;
				IPHONEOS_DEPLOYMENT_TARGET = 26.5;
				LOCALIZATION_PREFERS_STRING_CATALOGS = YES;
				MTL_ENABLE_DEBUG_INFO = NO;
				MTL_FAST_MATH = YES;
				SDKROOT = iphoneos;
				SWIFT_COMPILATION_MODE = wholemodule;
				VALIDATE_PRODUCT = YES;
			};
			name = Release;
		};
		5BBBD9FA2FE8BC9200324A00 /* Debug */ = {
			isa = XCBuildConfiguration;
			buildSettings = {
				ASSETCATALOG_COMPILER_APPICON_NAME = AppIcon;
				ASSETCATALOG_COMPILER_GLOBAL_ACCENT_COLOR_NAME = AccentColor;
				CODE_SIGN_STYLE = Automatic;
				CURRENT_PROJECT_VERSION = 1;
				DEVELOPMENT_TEAM = "";
				ENABLE_PREVIEWS = YES;
				GENERATE_INFOPLIST_FILE = YES;
				INFOPLIST_KEY_NSCameraUsageDescription = "Used for look-away detection (eye tracking) to hide the screen when you're not looking. Processing stays on your device.";
				INFOPLIST_KEY_UIApplicationSceneManifest_Generation = YES;
				INFOPLIST_KEY_UIApplicationSupportsIndirectInputEvents = YES;
				INFOPLIST_KEY_UILaunchScreen_Generation = YES;
				INFOPLIST_KEY_UISupportedInterfaceOrientations_iPad = "UIInterfaceOrientationPortrait UIInterfaceOrientationPortraitUpsideDown UIInterfaceOrientationLandscapeLeft UIInterfaceOrientationLandscapeRight";
				INFOPLIST_KEY_UISupportedInterfaceOrientations_iPhone = "UIInterfaceOrientationPortrait UIInterfaceOrientationLandscapeLeft UIInterfaceOrientationLandscapeRight";
				LD_RUNPATH_SEARCH_PATHS = (
					"$(inherited)",
					"@executable_path/Frameworks",
				);
				MARKETING_VERSION = 1.0;
				PRODUCT_BUNDLE_IDENTIFIER = "com.example.PrivacyBlindsDemo";
				PRODUCT_NAME = "$(TARGET_NAME)";
				STRING_CATALOG_GENERATE_SYMBOLS = YES;
				SWIFT_APPROACHABLE_CONCURRENCY = YES;
				SWIFT_DEFAULT_ACTOR_ISOLATION = MainActor;
				SWIFT_EMIT_LOC_STRINGS = YES;
				SWIFT_UPCOMING_FEATURE_MEMBER_IMPORT_VISIBILITY = YES;
				SWIFT_VERSION = 5.0;
				TARGETED_DEVICE_FAMILY = "1,2";
			};
			name = Debug;
		};
		5BBBD9FB2FE8BC9200324A00 /* Release */ = {
			isa = XCBuildConfiguration;
			buildSettings = {
				ASSETCATALOG_COMPILER_APPICON_NAME = AppIcon;
				ASSETCATALOG_COMPILER_GLOBAL_ACCENT_COLOR_NAME = AccentColor;
				CODE_SIGN_STYLE = Automatic;
				CURRENT_PROJECT_VERSION = 1;
				DEVELOPMENT_TEAM = "";
				ENABLE_PREVIEWS = YES;
				GENERATE_INFOPLIST_FILE = YES;
				INFOPLIST_KEY_NSCameraUsageDescription = "Used for look-away detection (eye tracking) to hide the screen when you're not looking. Processing stays on your device.";
				INFOPLIST_KEY_UIApplicationSceneManifest_Generation = YES;
				INFOPLIST_KEY_UIApplicationSupportsIndirectInputEvents = YES;
				INFOPLIST_KEY_UILaunchScreen_Generation = YES;
				INFOPLIST_KEY_UISupportedInterfaceOrientations_iPad = "UIInterfaceOrientationPortrait UIInterfaceOrientationPortraitUpsideDown UIInterfaceOrientationLandscapeLeft UIInterfaceOrientationLandscapeRight";
				INFOPLIST_KEY_UISupportedInterfaceOrientations_iPhone = "UIInterfaceOrientationPortrait UIInterfaceOrientationLandscapeLeft UIInterfaceOrientationLandscapeRight";
				LD_RUNPATH_SEARCH_PATHS = (
					"$(inherited)",
					"@executable_path/Frameworks",
				);
				MARKETING_VERSION = 1.0;
				PRODUCT_BUNDLE_IDENTIFIER = "com.example.PrivacyBlindsDemo";
				PRODUCT_NAME = "$(TARGET_NAME)";
				STRING_CATALOG_GENERATE_SYMBOLS = YES;
				SWIFT_APPROACHABLE_CONCURRENCY = YES;
				SWIFT_DEFAULT_ACTOR_ISOLATION = MainActor;
				SWIFT_EMIT_LOC_STRINGS = YES;
				SWIFT_UPCOMING_FEATURE_MEMBER_IMPORT_VISIBILITY = YES;
				SWIFT_VERSION = 5.0;
				TARGETED_DEVICE_FAMILY = "1,2";
			};
			name = Release;
		};
		5BBBD9FD2FE8BC9200324A00 /* Debug */ = {
			isa = XCBuildConfiguration;
			buildSettings = {
				BUNDLE_LOADER = "$(TEST_HOST)";
				CODE_SIGN_STYLE = Automatic;
				CURRENT_PROJECT_VERSION = 1;
				DEVELOPMENT_TEAM = "";
				GENERATE_INFOPLIST_FILE = YES;
				IPHONEOS_DEPLOYMENT_TARGET = 26.5;
				MARKETING_VERSION = 1.0;
				PRODUCT_BUNDLE_IDENTIFIER = "com.example.PrivacyBlindsDemoTests";
				PRODUCT_NAME = "$(TARGET_NAME)";
				STRING_CATALOG_GENERATE_SYMBOLS = NO;
				SWIFT_APPROACHABLE_CONCURRENCY = YES;
				SWIFT_EMIT_LOC_STRINGS = NO;
				SWIFT_UPCOMING_FEATURE_MEMBER_IMPORT_VISIBILITY = YES;
				SWIFT_VERSION = 5.0;
				TARGETED_DEVICE_FAMILY = "1,2";
				TEST_HOST = "$(BUILT_PRODUCTS_DIR)/Privacy Blinds.app/$(BUNDLE_EXECUTABLE_FOLDER_PATH)/Privacy Blinds";
			};
			name = Debug;
		};
		5BBBD9FE2FE8BC9200324A00 /* Release */ = {
			isa = XCBuildConfiguration;
			buildSettings = {
				BUNDLE_LOADER = "$(TEST_HOST)";
				CODE_SIGN_STYLE = Automatic;
				CURRENT_PROJECT_VERSION = 1;
				DEVELOPMENT_TEAM = "";
				GENERATE_INFOPLIST_FILE = YES;
				IPHONEOS_DEPLOYMENT_TARGET = 26.5;
				MARKETING_VERSION = 1.0;
				PRODUCT_BUNDLE_IDENTIFIER = "com.example.PrivacyBlindsDemoTests";
				PRODUCT_NAME = "$(TARGET_NAME)";
				STRING_CATALOG_GENERATE_SYMBOLS = NO;
				SWIFT_APPROACHABLE_CONCURRENCY = YES;
				SWIFT_EMIT_LOC_STRINGS = NO;
				SWIFT_UPCOMING_FEATURE_MEMBER_IMPORT_VISIBILITY = YES;
				SWIFT_VERSION = 5.0;
				TARGETED_DEVICE_FAMILY = "1,2";
				TEST_HOST = "$(BUILT_PRODUCTS_DIR)/Privacy Blinds.app/$(BUNDLE_EXECUTABLE_FOLDER_PATH)/Privacy Blinds";
			};
			name = Release;
		};
		5BBBDA002FE8BC9200324A00 /* Debug */ = {
			isa = XCBuildConfiguration;
			buildSettings = {
				CODE_SIGN_STYLE = Automatic;
				CURRENT_PROJECT_VERSION = 1;
				DEVELOPMENT_TEAM = "";
				GENERATE_INFOPLIST_FILE = YES;
				MARKETING_VERSION = 1.0;
				PRODUCT_BUNDLE_IDENTIFIER = "com.example.PrivacyBlindsDemoUITests";
				PRODUCT_NAME = "$(TARGET_NAME)";
				STRING_CATALOG_GENERATE_SYMBOLS = NO;
				SWIFT_APPROACHABLE_CONCURRENCY = YES;
				SWIFT_EMIT_LOC_STRINGS = NO;
				SWIFT_UPCOMING_FEATURE_MEMBER_IMPORT_VISIBILITY = YES;
				SWIFT_VERSION = 5.0;
				TARGETED_DEVICE_FAMILY = "1,2";
				TEST_TARGET_NAME = "Privacy Blinds";
			};
			name = Debug;
		};
		5BBBDA012FE8BC9200324A00 /* Release */ = {
			isa = XCBuildConfiguration;
			buildSettings = {
				CODE_SIGN_STYLE = Automatic;
				CURRENT_PROJECT_VERSION = 1;
				DEVELOPMENT_TEAM = "";
				GENERATE_INFOPLIST_FILE = YES;
				MARKETING_VERSION = 1.0;
				PRODUCT_BUNDLE_IDENTIFIER = "com.example.PrivacyBlindsDemoUITests";
				PRODUCT_NAME = "$(TARGET_NAME)";
				STRING_CATALOG_GENERATE_SYMBOLS = NO;
				SWIFT_APPROACHABLE_CONCURRENCY = YES;
				SWIFT_EMIT_LOC_STRINGS = NO;
				SWIFT_UPCOMING_FEATURE_MEMBER_IMPORT_VISIBILITY = YES;
				SWIFT_VERSION = 5.0;
				TARGETED_DEVICE_FAMILY = "1,2";
				TEST_TARGET_NAME = "Privacy Blinds";
			};
			name = Release;
		};
/* End XCBuildConfiguration section */

/* Begin XCConfigurationList section */
		5BBBD9D32FE8BC9000324A00 /* Build configuration list for PBXProject "Privacy Blinds" */ = {
			isa = XCConfigurationList;
			buildConfigurations = (
				5BBBD9F72FE8BC9200324A00 /* Debug */,
				5BBBD9F82FE8BC9200324A00 /* Release */,
			);
			defaultConfigurationIsVisible = 0;
			defaultConfigurationName = Release;
		};
		5BBBD9F92FE8BC9200324A00 /* Build configuration list for PBXNativeTarget "Privacy Blinds" */ = {
			isa = XCConfigurationList;
			buildConfigurations = (
				5BBBD9FA2FE8BC9200324A00 /* Debug */,
				5BBBD9FB2FE8BC9200324A00 /* Release */,
			);
			defaultConfigurationIsVisible = 0;
			defaultConfigurationName = Release;
		};
		5BBBD9FC2FE8BC9200324A00 /* Build configuration list for PBXNativeTarget "Privacy BlindsTests" */ = {
			isa = XCConfigurationList;
			buildConfigurations = (
				5BBBD9FD2FE8BC9200324A00 /* Debug */,
				5BBBD9FE2FE8BC9200324A00 /* Release */,
			);
			defaultConfigurationIsVisible = 0;
			defaultConfigurationName = Release;
		};
		5BBBD9FF2FE8BC9200324A00 /* Build configuration list for PBXNativeTarget "Privacy BlindsUITests" */ = {
			isa = XCConfigurationList;
			buildConfigurations = (
				5BBBDA002FE8BC9200324A00 /* Debug */,
				5BBBDA012FE8BC9200324A00 /* Release */,
			);
			defaultConfigurationIsVisible = 0;
			defaultConfigurationName = Release;
		};
/* End XCConfigurationList section */

/* Begin XCLocalSwiftPackageReference section */
		BBBBBB0000000000000000A1 /* XCLocalSwiftPackageReference "../.." */ = {
			isa = XCLocalSwiftPackageReference;
			relativePath = ../..;
		};
/* End XCLocalSwiftPackageReference section */

/* Begin XCSwiftPackageProductDependency section */
		BBBBBB0000000000000000A2 /* PrivacyBlinds */ = {
			isa = XCSwiftPackageProductDependency;
			package = BBBBBB0000000000000000A1 /* XCLocalSwiftPackageReference "../.." */;
			productName = PrivacyBlinds;
		};
/* End XCSwiftPackageProductDependency section */
	};
	rootObject = 5BBBD9D02FE8BC9000324A00 /* Project object */;
}
